// !$*UTF8*$!
{
	archiveVersion = 1;
	classes = {
	};
	objectVersion = 50;
	objects = {

/* Begin PBXBuildFile section */
		85760053243EFD2F0056F8DD /* AppDelegate.swift in Sources */ = {isa = PBXBuildFile; fileRef = 85760052243EFD2F0056F8DD /* AppDelegate.swift */; };
		85760055243EFD2F0056F8DD /* SceneDelegate.swift in Sources */ = {isa = PBXBuildFile; fileRef = 85760054243EFD2F0056F8DD /* SceneDelegate.swift */; };
		85760057243EFD2F0056F8DD /* ContentView.swift in Sources */ = {isa = PBXBuildFile; fileRef = 85760056243EFD2F0056F8DD /* ContentView.swift */; };
		85760059243EFD360056F8DD /* Assets.xcassets in Resources */ = {isa = PBXBuildFile; fileRef = 85760058243EFD360056F8DD /* Assets.xcassets */; };
		8576005C243EFD360056F8DD /* Preview Assets.xcassets in Resources */ = {isa = PBXBuildFile; fileRef = 8576005B243EFD360056F8DD /* Preview Assets.xcassets */; };
		8576005F243EFD360056F8DD /* LaunchScreen.storyboard in Resources */ = {isa = PBXBuildFile; fileRef = 8576005D243EFD360056F8DD /* LaunchScreen.storyboard */; };
		8576006A243EFD360056F8DD /* ViewsAndModifiersTests.swift in Sources */ = {isa = PBXBuildFile; fileRef = 85760069243EFD360056F8DD /* ViewsAndModifiersTests.swift */; };
		85760075243EFD360056F8DD /* ViewsAndModifiersUITests.swift in Sources */ = {isa = PBXBuildFile; fileRef = 85760074243EFD360056F8DD /* ViewsAndModifiersUITests.swift */; };
/* End PBXBuildFile section */

/* Begin PBXContainerItemProxy section */
		85760066243EFD360056F8DD /* PBXContainerItemProxy */ = {
			isa = PBXContainerItemProxy;
			containerPortal = 85760047243EFD2F0056F8DD /* Project object */;
			proxyType = 1;
			remoteGlobalIDString = 8576004E243EFD2F0056F8DD;
			remoteInfo = ViewsAndModifiers;
		};
		85760071243EFD360056F8DD /* PBXContainerItemProxy */ = {
			isa = PBXContainerItemProxy;
			containerPortal = 85760047243EFD2F0056F8DD /* Project object */;
			proxyType = 1;
			remoteGlobalIDString = 8576004E243EFD2F0056F8DD;
			remoteInfo = ViewsAndModifiers;
		};
/* End PBXContainerItemProxy section */

/* Begin PBXFileReference section */
		8576004F243EFD2F0056F8DD /* ViewsAndModifiers.app */ = {isa = PBXFileReference; explicitFileType = wrapper.application; includeInIndex = 0; path = ViewsAndModifiers.app; sourceTree = BUILT_PRODUCTS_DIR; };
		85760052243EFD2F0056F8DD /* AppDelegate.swift */ = {isa = PBXFileReference; lastKnownFileType = sourcecode.swift; path = AppDelegate.swift; sourceTree = "<group>"; };
		85760054243EFD2F0056F8DD /* SceneDelegate.swift */ = {isa = PBXFileReference; lastKnownFileType = sourcecode.swift; path = SceneDelegate.swift; sourceTree = "<group>"; };
		85760056243EFD2F0056F8DD /* ContentView.swift */ = {isa = PBXFileReference; lastKnownFileType = sourcecode.swift; path = ContentView.swift; sourceTree = "<group>"; };
		85760058243EFD360056F8DD /* Assets.xcassets */ = {isa = PBXFileReference; lastKnownFileType = folder.assetcatalog; path = Assets.xcassets; sourceTree = "<group>"; };
		8576005B243EFD360056F8DD /* Preview Assets.xcassets */ = {isa = PBXFileReference; lastKnownFileType = folder.assetcatalog; path = "Preview Assets.xcassets"; sourceTree = "<group>"; };
		8576005E243EFD360056F8DD /* Base */ = {isa = PBXFileReference; lastKnownFileType = file.storyboard; name = Base; path = Base.lproj/LaunchScreen.storyboard; sourceTree = "<group>"; };
		85760060243EFD360056F8DD /* Info.plist */ = {isa = PBXFileReference; lastKnownFileType = text.plist.xml; path = Info.plist; sourceTree = "<group>"; };
		85760065243EFD360056F8DD /* ViewsAndModifiersTests.xctest */ = {isa = PBXFileReference; explicitFileType = wrapper.cfbundle; includeInIndex = 0; path = ViewsAndModifiersTests.xctest; sourceTree = BUILT_PRODUCTS_DIR; };
		85760069243EFD360056F8DD /* ViewsAndModifiersTests.swift */ = {isa = PBXFileReference; lastKnownFileType = sourcecode.swift; path = ViewsAndModifiersTests.swift; sourceTree = "<group>"; };
		8576006B243EFD360056F8DD /* Info.plist */ = {isa = PBXFileReference; lastKnownFileType = text.plist.xml; path = Info.plist; sourceTree = "<group>"; };
		85760070243EFD360056F8DD /* ViewsAndModifiersUITests.xctest */ = {isa = PBXFileReference; explicitFileType = wrapper.cfbundle; includeInIndex = 0; path = ViewsAndModifiersUITests.xctest; sourceTree = BUILT_PRODUCTS_DIR; };
		85760074243EFD360056F8DD /* ViewsAndModifiersUITests.swift */ = {isa = PBXFileReference; lastKnownFileType = sourcecode.swift; path = ViewsAndModifiersUITests.swift; sourceTree = "<group>"; };
		85760076243EFD360056F8DD /* Info.plist */ = {isa = PBXFileReference; lastKnownFileType = text.plist.xml; path = Info.plist; sourceTree = "<group>"; };
/* End PBXFileReference section */

/* Begin PBXFrameworksBuildPhase section */
		8576004C243EFD2F0056F8DD /* Frameworks */ = {
			isa = PBXFrameworksBuildPhase;
			buildActionMask = 2147483647;
			files = (
			);
			runOnlyForDeploymentPostprocessing = 0;
		};
		85760062243EFD360056F8DD /* Frameworks */ = {
			isa = PBXFrameworksBuildPhase;
			buildActionMask = 2147483647;
			files = (
			);
			runOnlyForDeploymentPostprocessing = 0;
		};
		8576006D243EFD360056F8DD /* Frameworks */ = {
			isa = PBXFrameworksBuildPhase;
			buildActionMask = 2147483647;
			files = (
			);
			runOnlyForDeploymentPostprocessing = 0;
		};
/* End PBXFrameworksBuildPhase section */

/* Begin PBXGroup section */
		85760046243EFD2F0056F8DD = {
			isa = PBXGroup;
			children = (
				85760051243EFD2F0056F8DD /* ViewsAndModifiers */,
				85760068243EFD360056F8DD /* ViewsAndModifiersTests */,
				85760073243EFD360056F8DD /* ViewsAndModifiersUITests */,
				85760050243EFD2F0056F8DD /* Products */,
			);
			sourceTree = "<group>";
		};
		85760050243EFD2F0056F8DD /* Products */ = {
			isa = PBXGroup;
			children = (
				8576004F243EFD2F0056F8DD /* ViewsAndModifiers.app */,
				85760065243EFD360056F8DD /* ViewsAndModifiersTests.xctest */,
				85760070243EFD360056F8DD /* ViewsAndModifiersUITests.xctest */,
			);
			name = Products;
			sourceTree = "<group>";
		};
		85760051243EFD2F0056F8DD /* ViewsAndModifiers */ = {
			isa = PBXGroup;
			children = (
				85760052243EFD2F0056F8DD /* AppDelegate.swift */,
				85760054243EFD2F0056F8DD /* SceneDelegate.swift */,
				85760056243EFD2F0056F8DD /* ContentView.swift */,
				85760058243EFD360056F8DD /* Assets.xcassets */,
				8576005D243EFD360056F8DD /* LaunchScreen.storyboard */,
				85760060243EFD360056F8DD /* Info.plist */,
				8576005A243EFD360056F8DD /* Preview Content */,
			);
			path = ViewsAndModifiers;
			sourceTree = "<group>";
		};
		8576005A243EFD360056F8DD /* Preview Content */ = {
			isa = PBXGroup;
			children = (
				8576005B243EFD360056F8DD /* Preview Assets.xcassets */,
			);
			path = "Preview Content";
			sourceTree = "<group>";
		};
		85760068243EFD360056F8DD /* ViewsAndModifiersTests */ = {
			isa = PBXGroup;
			children = (
				85760069243EFD360056F8DD /* ViewsAndModifiersTests.swift */,
				8576006B243EFD360056F8DD /* Info.plist */,
			);
			path = ViewsAndModifiersTests;
			sourceTree = "<group>";
		};
		85760073243EFD360056F8DD /* ViewsAndModifiersUITests */ = {
			isa = PBXGroup;
			children = (
				85760074243EFD360056F8DD /* ViewsAndModifiersUITests.swift */,
				85760076243EFD360056F8DD /* Info.plist */,
			);
			path = ViewsAndModifiersUITests;
			sourceTree = "<group>";
		};
/* End PBXGroup section */

/* Begin PBXNativeTarget section */
		8576004E243EFD2F0056F8DD /* ViewsAndModifiers */ = {
			isa = PBXNativeTarget;
			buildConfigurationList = 85760079243EFD360056F8DD /* Build configuration list for PBXNativeTarget "ViewsAndModifiers" */;
			buildPhases = (
				8576004B243EFD2F0056F8DD /* Sources */,
				8576004C243EFD2F0056F8DD /* Frameworks */,
				8576004D243EFD2F0056F8DD /* Resources */,
			);
			buildRules = (
			);
			dependencies = (
			);
			name = ViewsAndModifiers;
			productName = ViewsAndModifiers;
			productReference = 8576004F243EFD2F0056F8DD /* ViewsAndModifiers.app */;
			productType = "com.apple.product-type.application";
		};
		85760064243EFD360056F8DD /* ViewsAndModifiersTests */ = {
			isa = PBXNativeTarget;
			buildConfigurationList = 8576007C243EFD360056F8DD /* Build configuration list for PBXNativeTarget "ViewsAndModifiersTests" */;
			buildPhases = (
				85760061243EFD360056F8DD /* Sources */,
				85760062243EFD360056F8DD /* Frameworks */,
				85760063243EFD360056F8DD /* Resources */,
			);
			buildRules = (
			);
			dependencies = (
				85760067243EFD360056F8DD /* PBXTargetDependency */,
			);
			name = ViewsAndModifiersTests;
			productName = ViewsAndModifiersTests;
			productReference = 85760065243EFD360056F8DD /* ViewsAndModifiersTests.xctest */;
			productType = "com.apple.product-type.bundle.unit-test";
		};
		8576006F243EFD360056F8DD /* ViewsAndModifiersUITests */ = {
			isa = PBXNativeTarget;
			buildConfigurationList = 8576007F243EFD360056F8DD /* Build configuration list for PBXNativeTarget "ViewsAndModifiersUITests" */;
			buildPhases = (
				8576006C243EFD360056F8DD /* Sources */,
				8576006D243EFD360056F8DD /* Frameworks */,
				8576006E243EFD360056F8DD /* Resources */,
			);
			buildRules = (
			);
			dependencies = (
				85760072243EFD360056F8DD /* PBXTargetDependency */,
			);
			name = ViewsAndModifiersUITests;
			productName = ViewsAndModifiersUITests;
			productReference = 85760070243EFD360056F8DD /* ViewsAndModifiersUITests.xctest */;
			productType = "com.apple.product-type.bundle.ui-testing";
		};
/* End PBXNativeTarget section */

/* Begin PBXProject section */
		85760047243EFD2F0056F8DD /* Project object */ = {
			isa = PBXProject;
			attributes = {
				LastSwiftUpdateCheck = 1130;
				LastUpgradeCheck = 1130;
				ORGANIZATIONNAME = "MouriTech Pvt. Ltd.";
				TargetAttributes = {
					8576004E243EFD2F0056F8DD = {
						CreatedOnToolsVersion = 11.3.1;
					};
					85760064243EFD360056F8DD = {
						CreatedOnToolsVersion = 11.3.1;
						TestTargetID = 8576004E243EFD2F0056F8DD;
					};
					8576006F243EFD360056F8DD = {
						CreatedOnToolsVersion = 11.3.1;
						TestTargetID = 8576004E243EFD2F0056F8DD;
					};
				};
			};
			buildConfigurationList = 8576004A243EFD2F0056F8DD /* Build configuration list for PBXProject "ViewsAndModifiers" */;
			compatibilityVersion = "Xcode 9.3";
			developmentRegion = en;
			hasScannedForEncodings = 0;
			knownRegions = (
				en,
				Base,
			);
			mainGroup = 85760046243EFD2F0056F8DD;
			productRefGroup = 85760050243EFD2F0056F8DD /* Products */;
			projectDirPath = "";
			projectRoot = "";
			targets = (
				8576004E243EFD2F0056F8DD /* ViewsAndModifiers */,
				85760064243EFD360056F8DD /* ViewsAndModifiersTests */,
				8576006F243EFD360056F8DD /* ViewsAndModifiersUITests */,
			);
		};
/* End PBXProject section */

/* Begin PBXResourcesBuildPhase section */
		8576004D243EFD2F0056F8DD /* Resources */ = {
			isa = PBXResourcesBuildPhase;
			buildActionMask = 2147483647;
			files = (
				8576005F243EFD360056F8DD /* LaunchScreen.storyboard in Resources */,
				8576005C243EFD360056F8DD /* Preview Assets.xcassets in Resources */,
				85760059243EFD360056F8DD /* Assets.xcassets in Resources */,
			);
			runOnlyForDeploymentPostprocessing = 0;
		};
		85760063243EFD360056F8DD /* Resources */ = {
			isa = PBXResourcesBuildPhase;
			buildActionMask = 2147483647;
			files = (
			);
			runOnlyForDeploymentPostprocessing = 0;
		};
		8576006E243EFD360056F8DD /* Resources */ = {
			isa = PBXResourcesBuildPhase;
			buildActionMask = 2147483647;
			files = (
			);
			runOnlyForDeploymentPostprocessing = 0;
		};
/* End PBXResourcesBuildPhase section */

/* Begin PBXSourcesBuildPhase section */
		8576004B243EFD2F0056F8DD /* Sources */ = {
			isa = PBXSourcesBuildPhase;
			buildActionMask = 2147483647;
			files = (
				85760053243EFD2F0056F8DD /* AppDelegate.swift in Sources */,
				85760055243EFD2F0056F8DD /* SceneDelegate.swift in Sources */,
				85760057243EFD2F0056F8DD /* ContentView.swift in Sources */,
			);
			runOnlyForDeploymentPostprocessing = 0;
		};
		85760061243EFD360056F8DD /* Sources */ = {
			isa = PBXSourcesBuildPhase;
			buildActionMask = 2147483647;
			files = (
				8576006A243EFD360056F8DD /* ViewsAndModifiersTests.swift in Sources */,
			);
			runOnlyForDeploymentPostprocessing = 0;
		};
		8576006C243EFD360056F8DD /* Sources */ = {
			isa = PBXSourcesBuildPhase;
			buildActionMask = 2147483647;
			files = (
				85760075243EFD360056F8DD /* ViewsAndModifiersUITests.swift in Sources */,
			);
			runOnlyForDeploymentPostprocessing = 0;
		};
/* End PBXSourcesBuildPhase section */

/* Begin PBXTargetDependency section */
		85760067243EFD360056F8DD /* PBXTargetDependency */ = {
			isa = PBXTargetDependency;
			target = 8576004E243EFD2F0056F8DD /* ViewsAndModifiers */;
			targetProxy = 85760066243EFD360056F8DD /* PBXContainerItemProxy */;
		};
		85760072243EFD360056F8DD /* PBXTargetDependency */ = {
			isa = PBXTargetDependency;
			target = 8576004E243EFD2F0056F8DD /* ViewsAndModifiers */;
			targetProxy = 85760071243EFD360056F8DD /* PBXContainerItemProxy */;
		};
/* End PBXTargetDependency section */

/* Begin PBXVariantGroup section */
		8576005D243EFD360056F8DD /* LaunchScreen.storyboard */ = {
			isa = PBXVariantGroup;
			children = (
				8576005E243EFD360056F8DD /* Base */,
			);
			name = LaunchScreen.storyboard;
			sourceTree = "<group>";
		};
/* End PBXVariantGroup section */

/* Begin XCBuildConfiguration section */
		85760077243EFD360056F8DD /* Debug */ = {
			isa = XCBuildConfiguration;
			buildSettings = {
				ALWAYS_SEARCH_USER_PATHS = NO;
				CLANG_ANALYZER_NONNULL = YES;
				CLANG_ANALYZER_NUMBER_OBJECT_CONVERSION = YES_AGGRESSIVE;
				CLANG_CXX_LANGUAGE_STANDARD = "gnu++14";
				CLANG_CXX_LIBRARY = "libc++";
				CLANG_ENABLE_MODULES = YES;
				CLANG_ENABLE_OBJC_ARC = YES;
				CLANG_ENABLE_OBJC_WEAK = YES;
				CLANG_WARN_BLOCK_CAPTURE_AUTORELEASING = YES;
				CLANG_WARN_BOOL_CONVERSION = YES;
				CLANG_WARN_COMMA = YES;
				CLANG_WARN_CONSTANT_CONVERSION = YES;
				CLANG_WARN_DEPRECATED_OBJC_IMPLEMENTATIONS = YES;
				CLANG_WARN_DIRECT_OBJC_ISA_USAGE = YES_ERROR;
				CLANG_WARN_DOCUMENTATION_COMMENTS = YES;
				CLANG_WARN_EMPTY_BODY = YES;
				CLANG_WARN_ENUM_CONVERSION = YES;
				CLANG_WARN_INFINITE_RECURSION = YES;
				CLANG_WARN_INT_CONVERSION = YES;
				CLANG_WARN_NON_LITERAL_NULL_CONVERSION = YES;
				CLANG_WARN_OBJC_IMPLICIT_RETAIN_SELF = YES;
				CLANG_WARN_OBJC_LITERAL_CONVERSION = YES;
				CLANG_WARN_OBJC_ROOT_CLASS = YES_ERROR;
				CLANG_WARN_RANGE_LOOP_ANALYSIS = YES;
				CLANG_WARN_STRICT_PROTOTYPES = YES;
				CLANG_WARN_SUSPICIOUS_MOVE = YES;
				CLANG_WARN_UNGUARDED_AVAILABILITY = YES_AGGRESSIVE;
				CLANG_WARN_UNREACHABLE_CODE = YES;
				CLANG_WARN__DUPLICATE_METHOD_MATCH = YES;
				COPY_PHASE_STRIP = NO;
				DEBUG_INFORMATION_FORMAT = dwarf;
				ENABLE_STRICT_OBJC_MSGSEND = YES;
				ENABLE_TESTABILITY = YES;
				GCC_C_LANGUAGE_STANDARD = gnu11;
				GCC_DYNAMIC_NO_PIC = NO;
				GCC_NO_COMMON_BLOCKS = YES;
				GCC_OPTIMIZATION_LEVEL = 0;
				GCC_PREPROCESSOR_DEFINITIONS = (
					"DEBUG=1",
					"$(inherited)",
				);
				GCC_WARN_64_TO_32_BIT_CONVERSION = YES;
				GCC_WARN_ABOUT_RETURN_TYPE = YES_ERROR;
				GCC_WARN_UNDECLARED_SELECTOR = YES;
				GCC_WARN_UNINITIALIZED_AUTOS = YES_AGGRESSIVE;
				GCC_WARN_UNUSED_FUNCTION = YES;
				GCC_WARN_UNUSED_VARIABLE = YES;
				IPHONEOS_DEPLOYMENT_TARGET = 13.2;
				MTL_ENABLE_DEBUG_INFO = INCLUDE_SOURCE;
				MTL_FAST_MATH = YES;
				ONLY_ACTIVE_ARCH = YES;
				SDKROOT = iphoneos;
				SWIFT_ACTIVE_COMPILATION_CONDITIONS = DEBUG;
				SWIFT_OPTIMIZATION_LEVEL = "-Onone";
			};
			name = Debug;
		};
		85760078243EFD360056F8DD /* Release */ = {
			isa = XCBuildConfiguration;
			buildSettings = {
				ALWAYS_SEARCH_USER_PATHS = NO;
				CLANG_ANALYZER_NONNULL = YES;
				CLANG_ANALYZER_NUMBER_OBJECT_CONVERSION = YES_AGGRESSIVE;
				CLANG_CXX_LANGUAGE_STANDARD = "gnu++14";
				CLANG_CXX_LIBRARY = "libc++";
				CLANG_ENABLE_MODULES = YES;
				CLANG_ENABLE_OBJC_ARC = YES;
				CLANG_ENABLE_OBJC_WEAK = YES;
				CLANG_WARN_BLOCK_CAPTURE_AUTORELEASING = YES;
				CLANG_WARN_BOOL_CONVERSION = YES;
				CLANG_WARN_COMMA = YES;
				CLANG_WARN_CONSTANT_CONVERSION = YES;
				CLANG_WARN_DEPRECATED_OBJC_IMPLEMENTATIONS = YES;
				CLANG_WARN_DIRECT_OBJC_ISA_USAGE = YES_ERROR;
				CLANG_WARN_DOCUMENTATION_COMMENTS = YES;
				CLANG_WARN_EMPTY_BODY = YES;
				CLANG_WARN_ENUM_CONVERSION = YES;
				CLANG_WARN_INFINITE_RECURSION = YES;
				CLANG_WARN_INT_CONVERSION = YES;
				CLANG_WARN_NON_LITERAL_NULL_CONVERSION = YES;
				CLANG_WARN_OBJC_IMPLICIT_RETAIN_SELF = YES;
				CLANG_WARN_OBJC_LITERAL_CONVERSION = YES;
				CLANG_WARN_OBJC_ROOT_CLASS = YES_ERROR;
				CLANG_WARN_RANGE_LOOP_ANALYSIS = YES;
				CLANG_WARN_STRICT_PROTOTYPES = YES;
				CLANG_WARN_SUSPICIOUS_MOVE = YES;
				CLANG_WARN_UNGUARDED_AVAILABILITY = YES_AGGRESSIVE;
				CLANG_WARN_UNREACHABLE_CODE = YES;
				CLANG_WARN__DUPLICATE_METHOD_MATCH = YES;
				COPY_PHASE_STRIP = NO;
				DEBUG_INFORMATION_FORMAT = "dwarf-with-dsym";
				ENABLE_NS_ASSERTIONS = NO;
				ENABLE_STRICT_OBJC_MSGSEND = YES;
				GCC_C_LANGUAGE_STANDARD = gnu11;
				GCC_NO_COMMON_BLOCKS = YES;
				GCC_WARN_64_TO_32_BIT_CONVERSION = YES;
				GCC_WARN_ABOUT_RETURN_TYPE = YES_ERROR;
				GCC_WARN_UNDECLARED_SELECTOR = YES;
				GCC_WARN_UNINITIALIZED_AUTOS = YES_AGGRESSIVE;
				GCC_WARN_UNUSED_FUNCTION = YES;
				GCC_WARN_UNUSED_VARIABLE = YES;
				IPHONEOS_DEPLOYMENT_TARGET = 13.2;
				MTL_ENABLE_DEBUG_INFO = NO;
				MTL_FAST_MATH = YES;
				SDKROOT = iphoneos;
				SWIFT_COMPILATION_MODE = wholemodule;
				SWIFT_OPTIMIZATION_LEVEL = "-O";
				VALIDATE_PRODUCT = YES;
			};
			name = Release;
		};
		8576007A243EFD360056F8DD /* Debug */ = {
			isa = XCBuildConfiguration;
			buildSettings = {
				ASSETCATALOG_COMPILER_APPICON_NAME = AppIcon;
				CODE_SIGN_STYLE = Automatic;
				DEVELOPMENT_ASSET_PATHS = "\"ViewsAndModifiers/Preview Content\"";
				ENABLE_PREVIEWS = YES;
				INFOPLIST_FILE = ViewsAndModifiers/Info.plist;
				LD_RUNPATH_SEARCH_PATHS = (
					"$(inherited)",
					"@executable_path/Frameworks",
				);
				PRODUCT_BUNDLE_IDENTIFIER = com.mouritech.ViewsAndModifiers;
				PRODUCT_NAME = "$(TARGET_NAME)";
				SWIFT_VERSION = 5.0;
				TARGETED_DEVICE_FAMILY = "1,2";
			};
			name = Debug;
		};
		8576007B243EFD360056F8DD /* Release */ = {
			isa = XCBuildConfiguration;
			buildSettings = {
				ASSETCATALOG_COMPILER_APPICON_NAME = AppIcon;
				CODE_SIGN_STYLE = Automatic;
				DEVELOPMENT_ASSET_PATHS = "\"ViewsAndModifiers/Preview Content\"";
				ENABLE_PREVIEWS = YES;
				INFOPLIST_FILE = ViewsAndModifiers/Info.plist;
				LD_RUNPATH_SEARCH_PATHS = (
					"$(inherited)",
					"@executable_path/Frameworks",
				);
				PRODUCT_BUNDLE_IDENTIFIER = com.mouritech.ViewsAndModifiers;
				PRODUCT_NAME = "$(TARGET_NAME)";
				SWIFT_VERSION = 5.0;
				TARGETED_DEVICE_FAMILY = "1,2";
			};
			name = Release;
		};
		8576007D243EFD360056F8DD /* Debug */ = {
			isa = XCBuildConfiguration;
			buildSettings = {
				ALWAYS_EMBED_SWIFT_STANDARD_LIBRARIES = YES;
				BUNDLE_LOADER = "$(TEST_HOST)";
				CODE_SIGN_STYLE = Automatic;
				INFOPLIST_FILE = ViewsAndModifiersTests/Info.plist;
				IPHONEOS_DEPLOYMENT_TARGET = 13.2;
				LD_RUNPATH_SEARCH_PATHS = (
					"$(inherited)",
					"@executable_path/Frameworks",
					"@loader_path/Frameworks",
				);
				PRODUCT_BUNDLE_IDENTIFIER = com.mouritech.ViewsAndModifiersTests;
				PRODUCT_NAME = "$(TARGET_NAME)";
				SWIFT_VERSION = 5.0;
				TARGETED_DEVICE_FAMILY = "1,2";
				TEST_HOST = "$(BUILT_PRODUCTS_DIR)/ViewsAndModifiers.app/ViewsAndModifiers";
			};
			name = Debug;
		};
		8576007E243EFD360056F8DD /* Release */ = {
			isa = XCBuildConfiguration;
			buildSettings = {
				ALWAYS_EMBED_SWIFT_STANDARD_LIBRARIES = YES;
				BUNDLE_LOADER = "$(TEST_HOST)";
				CODE_SIGN_STYLE = Automatic;
				INFOPLIST_FILE = ViewsAndModifiersTests/Info.plist;
				IPHONEOS_DEPLOYMENT_TARGET = 13.2;
				LD_RUNPATH_SEARCH_PATHS = (
					"$(inherited)",
					"@executable_path/Frameworks",
					"@loader_path/Frameworks",
				);
				PRODUCT_BUNDLE_IDENTIFIER = com.mouritech.ViewsAndModifiersTests;
				PRODUCT_NAME = "$(TARGET_NAME)";
				SWIFT_VERSION = 5.0;
				TARGETED_DEVICE_FAMILY = "1,2";
				TEST_HOST = "$(BUILT_PRODUCTS_DIR)/ViewsAndModifiers.app/ViewsAndModifiers";
			};
			name = Release;
		};
		85760080243EFD360056F8DD /* Debug */ = {
			isa = XCBuildConfiguration;
			buildSettings = {
				ALWAYS_EMBED_SWIFT_STANDARD_LIBRARIES = YES;
				CODE_SIGN_STYLE = Automatic;
				INFOPLIST_FILE = ViewsAndModifiersUITests/Info.plist;
				LD_RUNPATH_SEARCH_PATHS = (
					"$(inherited)",
					"@executable_path/Frameworks",
					"@loader_path/Frameworks",
				);
				PRODUCT_BUNDLE_IDENTIFIER = com.mouritech.ViewsAndModifiersUITests;
				PRODUCT_NAME = "$(TARGET_NAME)";
				SWIFT_VERSION = 5.0;
				TARGETED_DEVICE_FAMILY = "1,2";
				TEST_TARGET_NAME = ViewsAndModifiers;
			};
			name = Debug;
		};
		85760081243EFD360056F8DD /* Release */ = {
			isa = XCBuildConfiguration;
			buildSettings = {
				ALWAYS_EMBED_SWIFT_STANDARD_LIBRARIES = YES;
				CODE_SIGN_STYLE = Automatic;
				INFOPLIST_FILE = ViewsAndModifiersUITests/Info.plist;
				LD_RUNPATH_SEARCH_PATHS = (
					"$(inherited)",
					"@executable_path/Frameworks",
					"@loader_path/Frameworks",
				);
				PRODUCT_BUNDLE_IDENTIFIER = com.mouritech.ViewsAndModifiersUITests;
				PRODUCT_NAME = "$(TARGET_NAME)";
				SWIFT_VERSION = 5.0;
				TARGETED_DEVICE_FAMILY = "1,2";
				TEST_TARGET_NAME = ViewsAndModifiers;
			};
			name = Release;
		};
/* End XCBuildConfiguration section */

/* Begin XCConfigurationList section */
		8576004A243EFD2F0056F8DD /* Build configuration list for PBXProject "ViewsAndModifiers" */ = {
			isa = XCConfigurationList;
			buildConfigurations = (
				85760077243EFD360056F8DD /* Debug */,
				85760078243EFD360056F8DD /* Release */,
			);
			defaultConfigurationIsVisible = 0;
			defaultConfigurationName = Release;
		};
		85760079243EFD360056F8DD /* Build configuration list for PBXNativeTarget "ViewsAndModifiers" */ = {
			isa = XCConfigurationList;
			buildConfigurations = (
				8576007A243EFD360056F8DD /* Debug */,
				8576007B243EFD360056F8DD /* Release */,
			);
			defaultConfigurationIsVisible = 0;
			defaultConfigurationName = Release;
		};
		8576007C243EFD360056F8DD /* Build configuration list for PBXNativeTarget "ViewsAndModifiersTests" */ = {
			isa = XCConfigurationList;
			buildConfigurations = (
				8576007D243EFD360056F8DD /* Debug */,
				8576007E243EFD360056F8DD /* Release */,
			);
			defaultConfigurationIsVisible = 0;
			defaultConfigurationName = Release;
		};
		8576007F243EFD360056F8DD /* Build configuration list for PBXNativeTarget "ViewsAndModifiersUITests" */ = {
			isa = XCConfigurationList;
			buildConfigurations = (
				85760080243EFD360056F8DD /* Debug */,
				85760081243EFD360056F8DD /* Release */,
			);
			defaultConfigurationIsVisible = 0;
			defaultConfigurationName = Release;
		};
/* End XCConfigurationList section */
	};
	rootObject = 85760047243EFD2F0056F8DD /* Project object */;
}
